
Microsoft Visual Studio Solution File, Format Version 12.00
# Visual Studio Version 17
VisualStudioVersion = 17.14.36121.58 d17.14
MinimumVisualStudioVersion = 10.0.40219.1
Project("{FAE04EC0-301F-11D3-BF4B-00C04F79EFBC}") = "SHIPINGCABINETRY", "SHIPINGCABINETRY\SHIPINGCABINETRY.csproj", "{022EA189-FE87-488A-902F-F3C13B94C0CF}"
EndProject
Global
	GlobalSection(SolutionConfigurationPlatforms) = preSolution
		Debug|Any CPU = Debug|Any CPU
		Release|Any CPU = Release|Any CPU
	EndGlobalSection
	GlobalSection(ProjectConfigurationPlatforms) = postSolution
		{022EA189-FE87-488A-902F-F3C13B94C0CF}.Debug|Any CPU.ActiveCfg = Debug|Any CPU
		{022EA189-FE87-488A-902F-F3C13B94C0CF}.Debug|Any CPU.Build.0 = Debug|Any CPU
		{022EA189-FE87-488A-902F-F3C13B94C0CF}.Release|Any CPU.ActiveCfg = Release|Any CPU
		{022EA189-FE87-488A-902F-F3C13B94C0CF}.Release|Any CPU.Build.0 = Release|Any CPU
	EndGlobalSection
	GlobalSection(SolutionProperties) = preSolution
		HideSolutionNode = FALSE
	EndGlobalSection
	GlobalSection(ExtensibilityGlobals) = postSolution
		SolutionGuid = {0DC321A2-E305-42E2-BBAB-7FC4181348D3}
	EndGlobalSection
EndGlobal
